
Microsoft Visual Studio Solution File, Format Version 12.00
# Visual Studio Version 16
VisualStudioVersion = 16.0.30225.117
MinimumVisualStudioVersion = 10.0.40219.1
Project("{9A19103F-16F7-4668-BE54-9A1E7A4F7556}") = "ChinaPublicCalendarGenerator", "src\ChinaPublicCalendarGenerator.csproj", "{4E064800-93A2-4E57-BA0A-46E9A7A3056A}"
EndProject
Global
	GlobalSection(SolutionConfigurationPlatforms) = preSolution
		Debug|Any CPU = Debug|Any CPU
		Release|Any CPU = Release|Any CPU
	EndGlobalSection
	GlobalSection(ProjectConfigurationPlatforms) = postSolution
		{4E064800-93A2-4E57-BA0A-46E9A7A3056A}.Debug|Any CPU.ActiveCfg = Debug|Any CPU
		{4E064800-93A2-4E57-BA0A-46E9A7A3056A}.Debug|Any CPU.Build.0 = Debug|Any CPU
		{4E064800-93A2-4E57-BA0A-46E9A7A3056A}.Release|Any CPU.ActiveCfg = Release|Any CPU
		{4E064800-93A2-4E57-BA0A-46E9A7A3056A}.Release|Any CPU.Build.0 = Release|Any CPU
	EndGlobalSection
	GlobalSection(SolutionProperties) = preSolution
		HideSolutionNode = FALSE
	EndGlobalSection
	GlobalSection(ExtensibilityGlobals) = postSolution
		SolutionGuid = {3179A3E7-4670-40FD-BF8C-08E417BF12B6}
	EndGlobalSection
EndGlobal
