
Microsoft Visual Studio Solution File, Format Version 12.00
# Visual Studio Version 16
VisualStudioVersion = 16.0.30225.117
MinimumVisualStudioVersion = 10.0.40219.1
Project("{9A19103F-16F7-4668-BE54-9A1E7A4F7556}") = "ChinaPublicCalendarGenerator", "src\ChinaPublicCalendarGenerator.csproj", "{4E064800-93A2-4E57-BA0A-46E9A7A3056A}"
EndProject
Project("{2150E333-8FDC-42A3-9474-1A3956D46DE8}") = "src", "src", "{1573A554-3C70-43F8-8031-55430E0B1A46}"
EndProject
Project("{2150E333-8FDC-42A3-9474-1A3956D46DE8}") = "test", "test", "{FF4CB310-9509-49BC-A8F2-0A1CDE962A67}"
EndProject
Project("{FAE04EC0-301F-11D3-BF4B-00C04F79EFBC}") = "UnitTestProject", "UnitTestProject\UnitTestProject.csproj", "{BDBA0BA6-0DC1-494E-A285-D1494EDC3E86}"
EndProject
Global
	GlobalSection(SolutionConfigurationPlatforms) = preSolution
		Debug|Any CPU = Debug|Any CPU
		Release|Any CPU = Release|Any CPU
	EndGlobalSection
	GlobalSection(ProjectConfigurationPlatforms) = postSolution
		{4E064800-93A2-4E57-BA0A-46E9A7A3056A}.Debug|Any CPU.ActiveCfg = Debug|Any CPU
		{4E064800-93A2-4E57-BA0A-46E9A7A3056A}.Debug|Any CPU.Build.0 = Debug|Any CPU
		{4E064800-93A2-4E57-BA0A-46E9A7A3056A}.Release|Any CPU.ActiveCfg = Release|Any CPU
		{4E064800-93A2-4E57-BA0A-46E9A7A3056A}.Release|Any CPU.Build.0 = Release|Any CPU
		{BDBA0BA6-0DC1-494E-A285-D1494EDC3E86}.Debug|Any CPU.ActiveCfg = Debug|Any CPU
		{BDBA0BA6-0DC1-494E-A285-D1494EDC3E86}.Debug|Any CPU.Build.0 = Debug|Any CPU
		{BDBA0BA6-0DC1-494E-A285-D1494EDC3E86}.Release|Any CPU.ActiveCfg = Release|Any CPU
		{BDBA0BA6-0DC1-494E-A285-D1494EDC3E86}.Release|Any CPU.Build.0 = Release|Any CPU
	EndGlobalSection
	GlobalSection(SolutionProperties) = preSolution
		HideSolutionNode = FALSE
	EndGlobalSection
	GlobalSection(NestedProjects) = preSolution
		{4E064800-93A2-4E57-BA0A-46E9A7A3056A} = {1573A554-3C70-43F8-8031-55430E0B1A46}
		{BDBA0BA6-0DC1-494E-A285-D1494EDC3E86} = {FF4CB310-9509-49BC-A8F2-0A1CDE962A67}
	EndGlobalSection
	GlobalSection(ExtensibilityGlobals) = postSolution
		SolutionGuid = {3179A3E7-4670-40FD-BF8C-08E417BF12B6}
	EndGlobalSection
EndGlobal
